PODS:
  - boost-for-react-native (1.63.0)
  - BVLinearGradient (2.5.4):
    - React
  - DoubleConversion (1.1.6)
  - Folly (2018.10.22.00):
    - boost-for-react-native
    - DoubleConversion
    - glog
  - glog (0.3.5)
  - React (0.59.9):
    - React/Core (= 0.59.9)
  - react-native-blur (0.8.0):
    - React
  - react-native-fast-image (6.0.3):
    - React
    - SDWebImage (~> 5.0)
  - react-native-image-picker (0.28.0):
    - React
  - react-native-netinfo (3.2.1):
    - React
  - react-native-splash-screen (3.2.0):
    - React
  - react-native-webview (5.12.0):
    - React
  - React/Core (0.59.9):
    - yoga (= 0.59.9.React)
  - React/CxxBridge (0.59.9):
    - Folly (= 2018.10.22.00)
    - React/Core
    - React/cxxreact
    - React/jsiexecutor
  - React/cxxreact (0.59.9):
    - boost-for-react-native (= 1.63.0)
    - DoubleConversion
    - Folly (= 2018.10.22.00)
    - glog
    - React/jsinspector
  - React/DevSupport (0.59.9):
    - React/Core
    - React/RCTWebSocket
  - React/fishhook (0.59.9)
  - React/jsi (0.59.9):
    - DoubleConversion
    - Folly (= 2018.10.22.00)
    - glog
  - React/jsiexecutor (0.59.9):
    - DoubleConversion
    - Folly (= 2018.10.22.00)
    - glog
    - React/cxxreact
    - React/jsi
  - React/jsinspector (0.59.9)
  - React/RCTActionSheet (0.59.9):
    - React/Core
  - React/RCTAnimation (0.59.9):
    - React/Core
  - React/RCTBlob (0.59.9):
    - React/Core
  - React/RCTCameraRoll (0.59.9):
    - React/Core
    - React/RCTImage
  - React/RCTGeolocation (0.59.9):
    - React/Core
  - React/RCTImage (0.59.9):
    - React/Core
    - React/RCTNetwork
  - React/RCTLinkingIOS (0.59.9):
    - React/Core
  - React/RCTNetwork (0.59.9):
    - React/Core
  - React/RCTPushNotification (0.59.9):
    - React/Core
  - React/RCTSettings (0.59.9):
    - React/Core
  - React/RCTText (0.59.9):
    - React/Core
  - React/RCTVibration (0.59.9):
    - React/Core
  - React/RCTWebSocket (0.59.9):
    - React/Core
    - React/fishhook
    - React/RCTBlob
  - ReactNativeNavigation (2.22.3):
    - React
  - RNCAsyncStorage (1.5.0):
    - React
  - RNGestureHandler (1.3.0):
    - React
  - RNKeychain (3.1.3):
    - React
  - RNLanguages (3.0.2):
    - React
  - RNReanimated (1.1.0):
    - React
  - RNVectorIcons (6.4.2):
    - React
  - SDWebImage (5.3.2):
    - SDWebImage/Core (= 5.3.2)
  - SDWebImage/Core (5.3.2)
  - TouchID (4.4.1):
    - React
  - ViroKit_static_lib (1.0)
  - ViroReact (1.0)
  - yoga (0.59.9.React)

DEPENDENCIES:
  - BVLinearGradient (from `../node_modules/react-native-linear-gradient`)
  - DoubleConversion (from `../node_modules/react-native/third-party-podspecs/DoubleConversion.podspec`)
  - Folly (from `../node_modules/react-native/third-party-podspecs/Folly.podspec`)
  - glog (from `../node_modules/react-native/third-party-podspecs/glog.podspec`)
  - "react-native-blur (from `../node_modules/@react-native-community/blur`)"
  - react-native-fast-image (from `../node_modules/react-native-fast-image`)
  - react-native-image-picker (from `../node_modules/react-native-image-picker`)
  - "react-native-netinfo (from `../node_modules/@react-native-community/netinfo`)"
  - react-native-splash-screen (from `../node_modules/react-native-splash-screen`)
  - react-native-webview (from `../node_modules/react-native-webview`)
  - React/Core (from `../node_modules/react-native`)
  - React/CxxBridge (from `../node_modules/react-native`)
  - React/DevSupport (from `../node_modules/react-native`)
  - React/RCTActionSheet (from `../node_modules/react-native`)
  - React/RCTAnimation (from `../node_modules/react-native`)
  - React/RCTBlob (from `../node_modules/react-native`)
  - React/RCTCameraRoll (from `../node_modules/react-native`)
  - React/RCTGeolocation (from `../node_modules/react-native`)
  - React/RCTImage (from `../node_modules/react-native`)
  - React/RCTLinkingIOS (from `../node_modules/react-native`)
  - React/RCTNetwork (from `../node_modules/react-native`)
  - React/RCTPushNotification (from `../node_modules/react-native`)
  - React/RCTSettings (from `../node_modules/react-native`)
  - React/RCTText (from `../node_modules/react-native`)
  - React/RCTVibration (from `../node_modules/react-native`)
  - React/RCTWebSocket (from `../node_modules/react-native`)
  - ReactNativeNavigation (from `../node_modules/react-native-navigation`)
  - "RNCAsyncStorage (from `../node_modules/@react-native-community/async-storage`)"
  - RNGestureHandler (from `../node_modules/react-native-gesture-handler`)
  - RNKeychain (from `../node_modules/react-native-keychain`)
  - RNLanguages (from `../node_modules/react-native-languages`)
  - RNReanimated (from `../node_modules/react-native-reanimated`)
  - RNVectorIcons (from `../node_modules/react-native-vector-icons`)
  - TouchID (from `../node_modules/react-native-touch-id`)
  - ViroKit_static_lib (from `../node_modules/react-viro/ios/dist/ViroRenderer/static_lib`)
  - ViroReact (from `../node_modules/react-viro/ios/`)
  - yoga (from `../node_modules/react-native/ReactCommon/yoga`)

SPEC REPOS:
  trunk:
    - boost-for-react-native
    - SDWebImage

EXTERNAL SOURCES:
  BVLinearGradient:
    :path: "../node_modules/react-native-linear-gradient"
  DoubleConversion:
    :podspec: "../node_modules/react-native/third-party-podspecs/DoubleConversion.podspec"
  Folly:
    :podspec: "../node_modules/react-native/third-party-podspecs/Folly.podspec"
  glog:
    :podspec: "../node_modules/react-native/third-party-podspecs/glog.podspec"
  React:
    :path: "../node_modules/react-native"
  react-native-blur:
    :path: "../node_modules/@react-native-community/blur"
  react-native-fast-image:
    :path: "../node_modules/react-native-fast-image"
  react-native-image-picker:
    :path: "../node_modules/react-native-image-picker"
  react-native-netinfo:
    :path: "../node_modules/@react-native-community/netinfo"
  react-native-splash-screen:
    :path: "../node_modules/react-native-splash-screen"
  react-native-webview:
    :path: "../node_modules/react-native-webview"
  ReactNativeNavigation:
    :path: "../node_modules/react-native-navigation"
  RNCAsyncStorage:
    :path: "../node_modules/@react-native-community/async-storage"
  RNGestureHandler:
    :path: "../node_modules/react-native-gesture-handler"
  RNKeychain:
    :path: "../node_modules/react-native-keychain"
  RNLanguages:
    :path: "../node_modules/react-native-languages"
  RNReanimated:
    :path: "../node_modules/react-native-reanimated"
  RNVectorIcons:
    :path: "../node_modules/react-native-vector-icons"
  TouchID:
    :path: "../node_modules/react-native-touch-id"
  ViroKit_static_lib:
    :path: "../node_modules/react-viro/ios/dist/ViroRenderer/static_lib"
  ViroReact:
    :path: "../node_modules/react-viro/ios/"
  yoga:
    :path: "../node_modules/react-native/ReactCommon/yoga"

SPEC CHECKSUMS:
  boost-for-react-native: 39c7adb57c4e60d6c5479dd8623128eb5b3f0f2c
  BVLinearGradient: 8cbc5155c978f2e43098818c91d206d07aae6d30
  DoubleConversion: bb338842f62ab1d708ceb63ec3d999f0f3d98ecd
  Folly: de497beb10f102453a1afa9edbf8cf8a251890de
  glog: aefd1eb5dda2ab95ba0938556f34b98e2da3a60d
  React: a86b92f00edbe1873a63e4a212c29b7a7ad5224f
  react-native-blur: cad4d93b364f91e7b7931b3fa935455487e5c33c
  react-native-fast-image: 3390cc968d598f0c6b5c710df138f4b653a87231
  react-native-image-picker: e6e06d4315e3c85bad17e4b2002cd29f11d202c8
  react-native-netinfo: 0da34082d2cec3100c9b5073bb217e35f1142bdd
  react-native-splash-screen: 200d11d188e2e78cea3ad319964f6142b6384865
  react-native-webview: 8b2761a9bf84bbbbe7f90f49743b9b74c7cb11e7
  ReactNativeNavigation: 05945cfd4610260b1e6d46a07222dda6223959dd
  RNCAsyncStorage: 9436928b444c5f5361960a7eea051a697c244b68
  RNGestureHandler: 5329a942fce3d41c68b84c2c2276ce06a696d8b0
  RNKeychain: c658833a9cb2cbcba6423bdd6e16cce59e27da0e
  RNLanguages: 962e562af0d34ab1958d89bcfdb64fafc37c513e
  RNReanimated: 7a52c90473b5e81c13408d40d797b98387eaddde
  RNVectorIcons: 6607bd3a30291d0edb56f9bbe7ae411ee2b928b0
  SDWebImage: 6ac2eb96571bff96ecde31a987172c5934a0eb7d
  TouchID: ba4c656d849cceabc2e4eef722dea5e55959ecf4
  ViroKit_static_lib: ae9c112ac4b128f8d4466fc581c7b07a0264754d
  ViroReact: 7ec32276dcd1883662b4587eaedfff67f7fc3625
  yoga: 03ff42a6f223fb88deeaed60249020d80c3091ee

PODFILE CHECKSUM: 57c554ad432609ea700dd79676ea28405c59ed28

COCOAPODS: 1.8.4
